
Microsoft Visual Studio Solution File, Format Version 12.00
# Visual Studio Version 16
VisualStudioVersion = 16.0.29613.14
MinimumVisualStudioVersion = 10.0.40219.1
Project("{FAE04EC0-301F-11D3-BF4B-00C04F79EFBC}") = "TP3", "TP3\TP3.csproj", "{96957263-D864-4934-91CE-39DEE657D609}"
EndProject
Global
	GlobalSection(SolutionConfigurationPlatforms) = preSolution
		Debug|Any CPU = Debug|Any CPU
		Release|Any CPU = Release|Any CPU
	EndGlobalSection
	GlobalSection(ProjectConfigurationPlatforms) = postSolution
		{96957263-D864-4934-91CE-39DEE657D609}.Debug|Any CPU.ActiveCfg = Debug|Any CPU
		{96957263-D864-4934-91CE-39DEE657D609}.Debug|Any CPU.Build.0 = Debug|Any CPU
		{96957263-D864-4934-91CE-39DEE657D609}.Release|Any CPU.ActiveCfg = Release|Any CPU
		{96957263-D864-4934-91CE-39DEE657D609}.Release|Any CPU.Build.0 = Release|Any CPU
	EndGlobalSection
	GlobalSection(SolutionProperties) = preSolution
		HideSolutionNode = FALSE
	EndGlobalSection
	GlobalSection(ExtensibilityGlobals) = postSolution
		SolutionGuid = {768D101B-6EC8-4D98-A950-2641C3B23122}
	EndGlobalSection
EndGlobal
