
Microsoft Visual Studio Solution File, Format Version 12.00
# Visual Studio Version 16
VisualStudioVersion = 16.0.29613.14
MinimumVisualStudioVersion = 10.0.40219.1
Project("{FAE04EC0-301F-11D3-BF4B-00C04F79EFBC}") = "TP_Synthese", "TP_Synthese\TP_Synthese.csproj", "{81A57A13-D092-4B70-A003-3AFBF6A95963}"
EndProject
Global
	GlobalSection(SolutionConfigurationPlatforms) = preSolution
		Debug|Any CPU = Debug|Any CPU
		Release|Any CPU = Release|Any CPU
	EndGlobalSection
	GlobalSection(ProjectConfigurationPlatforms) = postSolution
		{81A57A13-D092-4B70-A003-3AFBF6A95963}.Debug|Any CPU.ActiveCfg = Debug|Any CPU
		{81A57A13-D092-4B70-A003-3AFBF6A95963}.Debug|Any CPU.Build.0 = Debug|Any CPU
		{81A57A13-D092-4B70-A003-3AFBF6A95963}.Release|Any CPU.ActiveCfg = Release|Any CPU
		{81A57A13-D092-4B70-A003-3AFBF6A95963}.Release|Any CPU.Build.0 = Release|Any CPU
	EndGlobalSection
	GlobalSection(SolutionProperties) = preSolution
		HideSolutionNode = FALSE
	EndGlobalSection
	GlobalSection(ExtensibilityGlobals) = postSolution
		SolutionGuid = {240DA63F-7F54-42A0-BF95-786A9C0B10D8}
	EndGlobalSection
EndGlobal
