
Microsoft Visual Studio Solution File, Format Version 12.00
# Visual Studio Version 16
VisualStudioVersion = 16.0.29613.14
MinimumVisualStudioVersion = 10.0.40219.1
Project("{FAE04EC0-301F-11D3-BF4B-00C04F79EFBC}") = "Exceptions5", "Exceptions5\Exceptions5.csproj", "{48AC902A-0275-4332-B0E5-21C25FC3256C}"
EndProject
Global
	GlobalSection(SolutionConfigurationPlatforms) = preSolution
		Debug|Any CPU = Debug|Any CPU
		Release|Any CPU = Release|Any CPU
	EndGlobalSection
	GlobalSection(ProjectConfigurationPlatforms) = postSolution
		{48AC902A-0275-4332-B0E5-21C25FC3256C}.Debug|Any CPU.ActiveCfg = Debug|Any CPU
		{48AC902A-0275-4332-B0E5-21C25FC3256C}.Debug|Any CPU.Build.0 = Debug|Any CPU
		{48AC902A-0275-4332-B0E5-21C25FC3256C}.Release|Any CPU.ActiveCfg = Release|Any CPU
		{48AC902A-0275-4332-B0E5-21C25FC3256C}.Release|Any CPU.Build.0 = Release|Any CPU
	EndGlobalSection
	GlobalSection(SolutionProperties) = preSolution
		HideSolutionNode = FALSE
	EndGlobalSection
	GlobalSection(ExtensibilityGlobals) = postSolution
		SolutionGuid = {B2DB42D6-1000-462F-9986-2DF8CBD1EADC}
	EndGlobalSection
EndGlobal
